
Microsoft Visual Studio Solution File, Format Version 12.00
# Visual Studio 14
VisualStudioVersion = 14.0.25420.1
MinimumVisualStudioVersion = 10.0.40219.1
Project("{FAE04EC0-301F-11D3-BF4B-00C04F79EFBC}") = "LightOrganApp.Droid", "LightOrganApp\LightOrganApp.Droid\LightOrganApp.Droid.csproj", "{D5DEF1AC-A0D9-4635-9BA5-765A69598DFF}"
EndProject
Project("{FAE04EC0-301F-11D3-BF4B-00C04F79EFBC}") = "LightOrganApp.iOS", "LightOrganApp\LightOrganApp.iOS\LightOrganApp.iOS.csproj", "{7E1A9696-C404-4FF4-B3A9-907BEF551898}"
EndProject
Project("{FAE04EC0-301F-11D3-BF4B-00C04F79EFBC}") = "LightOrganApp", "LightOrganApp\LightOrganApp\LightOrganApp.csproj", "{2E92B235-3163-4760-BFD1-94C73A409308}"
EndProject
Project("{FAE04EC0-301F-11D3-BF4B-00C04F79EFBC}") = "Plugin.Permissions.Abstractions", "Plugin.Permissions\Plugin.Permissions.Abstractions\Plugin.Permissions.Abstractions.csproj", "{6EDB0588-FFC5-4EF5-8A99-9E241D0F878D}"
EndProject
Project("{FAE04EC0-301F-11D3-BF4B-00C04F79EFBC}") = "Plugin.Permissions", "Plugin.Permissions\Plugin.Permissions\Plugin.Permissions.csproj", "{A6FCEF44-D2BA-42C7-B3CB-13667BCD7B54}"
EndProject
Project("{D954291E-2A0B-460D-934E-DC6B0785DB48}") = "Plugin.Permissions.Shared", "Plugin.Permissions\Plugin.Permissions.Shared\Plugin.Permissions.Shared.shproj", "{6FA1EA4D-D2FB-46F2-80C6-2BD39DAA151F}"
EndProject
Project("{FAE04EC0-301F-11D3-BF4B-00C04F79EFBC}") = "Plugin.Permissions.Android", "Plugin.Permissions\Plugin.Permissions.Android\Plugin.Permissions.Android.csproj", "{56A56F17-7DE1-4CA1-9617-BF32E971AC84}"
EndProject
Project("{FAE04EC0-301F-11D3-BF4B-00C04F79EFBC}") = "Plugin.Permissions.iOSUnified", "Plugin.Permissions\Plugin.Permissions.iOSUnified\Plugin.Permissions.iOSUnified.csproj", "{2882AEEB-D4CD-4EB9-8A6C-6653B33681F0}"
EndProject
Project("{2150E333-8FDC-42A3-9474-1A3956D46DE8}") = "Plugin.Permissions", "Plugin.Permissions", "{0A45A081-4FB3-46E5-924F-05222CB6E3C4}"
EndProject
Global
	GlobalSection(SharedMSBuildProjectFiles) = preSolution
		Plugin.Permissions\Plugin.Permissions.Shared\Plugin.Permissions.Shared.projitems*{2882aeeb-d4cd-4eb9-8a6c-6653b33681f0}*SharedItemsImports = 4
		Plugin.Permissions\Plugin.Permissions.Shared\Plugin.Permissions.Shared.projitems*{56a56f17-7de1-4ca1-9617-bf32e971ac84}*SharedItemsImports = 4
		Plugin.Permissions\Plugin.Permissions.Shared\Plugin.Permissions.Shared.projitems*{6edb0588-ffc5-4ef5-8a99-9e241d0f878d}*SharedItemsImports = 4
		Plugin.Permissions\Plugin.Permissions.Shared\Plugin.Permissions.Shared.projitems*{6fa1ea4d-d2fb-46f2-80c6-2bd39daa151f}*SharedItemsImports = 13
		Plugin.Permissions\Plugin.Permissions.Shared\Plugin.Permissions.Shared.projitems*{a6fcef44-d2ba-42c7-b3cb-13667bcd7b54}*SharedItemsImports = 4
	EndGlobalSection
	GlobalSection(SolutionConfigurationPlatforms) = preSolution
		Ad-Hoc|Any CPU = Ad-Hoc|Any CPU
		Ad-Hoc|ARM = Ad-Hoc|ARM
		Ad-Hoc|iPhone = Ad-Hoc|iPhone
		Ad-Hoc|iPhoneSimulator = Ad-Hoc|iPhoneSimulator
		Ad-Hoc|x64 = Ad-Hoc|x64
		Ad-Hoc|x86 = Ad-Hoc|x86
		AppStore|Any CPU = AppStore|Any CPU
		AppStore|ARM = AppStore|ARM
		AppStore|iPhone = AppStore|iPhone
		AppStore|iPhoneSimulator = AppStore|iPhoneSimulator
		AppStore|x64 = AppStore|x64
		AppStore|x86 = AppStore|x86
		Debug|Any CPU = Debug|Any CPU
		Debug|ARM = Debug|ARM
		Debug|iPhone = Debug|iPhone
		Debug|iPhoneSimulator = Debug|iPhoneSimulator
		Debug|x64 = Debug|x64
		Debug|x86 = Debug|x86
		Release|Any CPU = Release|Any CPU
		Release|ARM = Release|ARM
		Release|iPhone = Release|iPhone
		Release|iPhoneSimulator = Release|iPhoneSimulator
		Release|x64 = Release|x64
		Release|x86 = Release|x86
	EndGlobalSection
	GlobalSection(ProjectConfigurationPlatforms) = postSolution
		{D5DEF1AC-A0D9-4635-9BA5-765A69598DFF}.Ad-Hoc|Any CPU.ActiveCfg = Release|Any CPU
		{D5DEF1AC-A0D9-4635-9BA5-765A69598DFF}.Ad-Hoc|Any CPU.Build.0 = Release|Any CPU
		{D5DEF1AC-A0D9-4635-9BA5-765A69598DFF}.Ad-Hoc|Any CPU.Deploy.0 = Release|Any CPU
		{D5DEF1AC-A0D9-4635-9BA5-765A69598DFF}.Ad-Hoc|ARM.ActiveCfg = Release|Any CPU
		{D5DEF1AC-A0D9-4635-9BA5-765A69598DFF}.Ad-Hoc|ARM.Build.0 = Release|Any CPU
		{D5DEF1AC-A0D9-4635-9BA5-765A69598DFF}.Ad-Hoc|ARM.Deploy.0 = Release|Any CPU
		{D5DEF1AC-A0D9-4635-9BA5-765A69598DFF}.Ad-Hoc|iPhone.ActiveCfg = Release|Any CPU
		{D5DEF1AC-A0D9-4635-9BA5-765A69598DFF}.Ad-Hoc|iPhone.Build.0 = Release|Any CPU
		{D5DEF1AC-A0D9-4635-9BA5-765A69598DFF}.Ad-Hoc|iPhone.Deploy.0 = Release|Any CPU
		{D5DEF1AC-A0D9-4635-9BA5-765A69598DFF}.Ad-Hoc|iPhoneSimulator.ActiveCfg = Release|Any CPU
		{D5DEF1AC-A0D9-4635-9BA5-765A69598DFF}.Ad-Hoc|iPhoneSimulator.Build.0 = Release|Any CPU
		{D5DEF1AC-A0D9-4635-9BA5-765A69598DFF}.Ad-Hoc|iPhoneSimulator.Deploy.0 = Release|Any CPU
		{D5DEF1AC-A0D9-4635-9BA5-765A69598DFF}.Ad-Hoc|x64.ActiveCfg = Release|Any CPU
		{D5DEF1AC-A0D9-4635-9BA5-765A69598DFF}.Ad-Hoc|x64.Build.0 = Release|Any CPU
		{D5DEF1AC-A0D9-4635-9BA5-765A69598DFF}.Ad-Hoc|x64.Deploy.0 = Release|Any CPU
		{D5DEF1AC-A0D9-4635-9BA5-765A69598DFF}.Ad-Hoc|x86.ActiveCfg = Release|Any CPU
		{D5DEF1AC-A0D9-4635-9BA5-765A69598DFF}.Ad-Hoc|x86.Build.0 = Release|Any CPU
		{D5DEF1AC-A0D9-4635-9BA5-765A69598DFF}.Ad-Hoc|x86.Deploy.0 = Release|Any CPU
		{D5DEF1AC-A0D9-4635-9BA5-765A69598DFF}.AppStore|Any CPU.ActiveCfg = Release|Any CPU
		{D5DEF1AC-A0D9-4635-9BA5-765A69598DFF}.AppStore|Any CPU.Build.0 = Release|Any CPU
		{D5DEF1AC-A0D9-4635-9BA5-765A69598DFF}.AppStore|Any CPU.Deploy.0 = Release|Any CPU
		{D5DEF1AC-A0D9-4635-9BA5-765A69598DFF}.AppStore|ARM.ActiveCfg = Release|Any CPU
		{D5DEF1AC-A0D9-4635-9BA5-765A69598DFF}.AppStore|ARM.Build.0 = Release|Any CPU
		{D5DEF1AC-A0D9-4635-9BA5-765A69598DFF}.AppStore|ARM.Deploy.0 = Release|Any CPU
		{D5DEF1AC-A0D9-4635-9BA5-765A69598DFF}.AppStore|iPhone.ActiveCfg = Release|Any CPU
		{D5DEF1AC-A0D9-4635-9BA5-765A69598DFF}.AppStore|iPhone.Build.0 = Release|Any CPU
		{D5DEF1AC-A0D9-4635-9BA5-765A69598DFF}.AppStore|iPhone.Deploy.0 = Release|Any CPU
		{D5DEF1AC-A0D9-4635-9BA5-765A69598DFF}.AppStore|iPhoneSimulator.ActiveCfg = Release|Any CPU
		{D5DEF1AC-A0D9-4635-9BA5-765A69598DFF}.AppStore|iPhoneSimulator.Build.0 = Release|Any CPU
		{D5DEF1AC-A0D9-4635-9BA5-765A69598DFF}.AppStore|iPhoneSimulator.Deploy.0 = Release|Any CPU
		{D5DEF1AC-A0D9-4635-9BA5-765A69598DFF}.AppStore|x64.ActiveCfg = Release|Any CPU
		{D5DEF1AC-A0D9-4635-9BA5-765A69598DFF}.AppStore|x64.Build.0 = Release|Any CPU
		{D5DEF1AC-A0D9-4635-9BA5-765A69598DFF}.AppStore|x64.Deploy.0 = Release|Any CPU
		{D5DEF1AC-A0D9-4635-9BA5-765A69598DFF}.AppStore|x86.ActiveCfg = Release|Any CPU
		{D5DEF1AC-A0D9-4635-9BA5-765A69598DFF}.AppStore|x86.Build.0 = Release|Any CPU
		{D5DEF1AC-A0D9-4635-9BA5-765A69598DFF}.AppStore|x86.Deploy.0 = Release|Any CPU
		{D5DEF1AC-A0D9-4635-9BA5-765A69598DFF}.Debug|Any CPU.ActiveCfg = Debug|Any CPU
		{D5DEF1AC-A0D9-4635-9BA5-765A69598DFF}.Debug|Any CPU.Build.0 = Debug|Any CPU
		{D5DEF1AC-A0D9-4635-9BA5-765A69598DFF}.Debug|Any CPU.Deploy.0 = Debug|Any CPU
		{D5DEF1AC-A0D9-4635-9BA5-765A69598DFF}.Debug|ARM.ActiveCfg = Debug|Any CPU
		{D5DEF1AC-A0D9-4635-9BA5-765A69598DFF}.Debug|ARM.Build.0 = Debug|Any CPU
		{D5DEF1AC-A0D9-4635-9BA5-765A69598DFF}.Debug|ARM.Deploy.0 = Debug|Any CPU
		{D5DEF1AC-A0D9-4635-9BA5-765A69598DFF}.Debug|iPhone.ActiveCfg = Debug|Any CPU
		{D5DEF1AC-A0D9-4635-9BA5-765A69598DFF}.Debug|iPhone.Build.0 = Debug|Any CPU
		{D5DEF1AC-A0D9-4635-9BA5-765A69598DFF}.Debug|iPhone.Deploy.0 = Debug|Any CPU
		{D5DEF1AC-A0D9-4635-9BA5-765A69598DFF}.Debug|iPhoneSimulator.ActiveCfg = Debug|Any CPU
		{D5DEF1AC-A0D9-4635-9BA5-765A69598DFF}.Debug|iPhoneSimulator.Build.0 = Debug|Any CPU
		{D5DEF1AC-A0D9-4635-9BA5-765A69598DFF}.Debug|iPhoneSimulator.Deploy.0 = Debug|Any CPU
		{D5DEF1AC-A0D9-4635-9BA5-765A69598DFF}.Debug|x64.ActiveCfg = Debug|Any CPU
		{D5DEF1AC-A0D9-4635-9BA5-765A69598DFF}.Debug|x64.Build.0 = Debug|Any CPU
		{D5DEF1AC-A0D9-4635-9BA5-765A69598DFF}.Debug|x64.Deploy.0 = Debug|Any CPU
		{D5DEF1AC-A0D9-4635-9BA5-765A69598DFF}.Debug|x86.ActiveCfg = Debug|Any CPU
		{D5DEF1AC-A0D9-4635-9BA5-765A69598DFF}.Debug|x86.Build.0 = Debug|Any CPU
		{D5DEF1AC-A0D9-4635-9BA5-765A69598DFF}.Debug|x86.Deploy.0 = Debug|Any CPU
		{D5DEF1AC-A0D9-4635-9BA5-765A69598DFF}.Release|Any CPU.ActiveCfg = Release|Any CPU
		{D5DEF1AC-A0D9-4635-9BA5-765A69598DFF}.Release|Any CPU.Build.0 = Release|Any CPU
		{D5DEF1AC-A0D9-4635-9BA5-765A69598DFF}.Release|Any CPU.Deploy.0 = Release|Any CPU
		{D5DEF1AC-A0D9-4635-9BA5-765A69598DFF}.Release|ARM.ActiveCfg = Release|Any CPU
		{D5DEF1AC-A0D9-4635-9BA5-765A69598DFF}.Release|ARM.Build.0 = Release|Any CPU
		{D5DEF1AC-A0D9-4635-9BA5-765A69598DFF}.Release|ARM.Deploy.0 = Release|Any CPU
		{D5DEF1AC-A0D9-4635-9BA5-765A69598DFF}.Release|iPhone.ActiveCfg = Release|Any CPU
		{D5DEF1AC-A0D9-4635-9BA5-765A69598DFF}.Release|iPhone.Build.0 = Release|Any CPU
		{D5DEF1AC-A0D9-4635-9BA5-765A69598DFF}.Release|iPhone.Deploy.0 = Release|Any CPU
		{D5DEF1AC-A0D9-4635-9BA5-765A69598DFF}.Release|iPhoneSimulator.ActiveCfg = Release|Any CPU
		{D5DEF1AC-A0D9-4635-9BA5-765A69598DFF}.Release|iPhoneSimulator.Build.0 = Release|Any CPU
		{D5DEF1AC-A0D9-4635-9BA5-765A69598DFF}.Release|iPhoneSimulator.Deploy.0 = Release|Any CPU
		{D5DEF1AC-A0D9-4635-9BA5-765A69598DFF}.Release|x64.ActiveCfg = Release|Any CPU
		{D5DEF1AC-A0D9-4635-9BA5-765A69598DFF}.Release|x64.Build.0 = Release|Any CPU
		{D5DEF1AC-A0D9-4635-9BA5-765A69598DFF}.Release|x64.Deploy.0 = Release|Any CPU
		{D5DEF1AC-A0D9-4635-9BA5-765A69598DFF}.Release|x86.ActiveCfg = Release|Any CPU
		{D5DEF1AC-A0D9-4635-9BA5-765A69598DFF}.Release|x86.Build.0 = Release|Any CPU
		{D5DEF1AC-A0D9-4635-9BA5-765A69598DFF}.Release|x86.Deploy.0 = Release|Any CPU
		{7E1A9696-C404-4FF4-B3A9-907BEF551898}.Ad-Hoc|Any CPU.ActiveCfg = Ad-Hoc|iPhone
		{7E1A9696-C404-4FF4-B3A9-907BEF551898}.Ad-Hoc|ARM.ActiveCfg = Ad-Hoc|iPhone
		{7E1A9696-C404-4FF4-B3A9-907BEF551898}.Ad-Hoc|iPhone.ActiveCfg = Ad-Hoc|iPhone
		{7E1A9696-C404-4FF4-B3A9-907BEF551898}.Ad-Hoc|iPhone.Build.0 = Ad-Hoc|iPhone
		{7E1A9696-C404-4FF4-B3A9-907BEF551898}.Ad-Hoc|iPhoneSimulator.ActiveCfg = Ad-Hoc|iPhoneSimulator
		{7E1A9696-C404-4FF4-B3A9-907BEF551898}.Ad-Hoc|iPhoneSimulator.Build.0 = Ad-Hoc|iPhoneSimulator
		{7E1A9696-C404-4FF4-B3A9-907BEF551898}.Ad-Hoc|x64.ActiveCfg = Ad-Hoc|iPhone
		{7E1A9696-C404-4FF4-B3A9-907BEF551898}.Ad-Hoc|x86.ActiveCfg = Ad-Hoc|iPhone
		{7E1A9696-C404-4FF4-B3A9-907BEF551898}.AppStore|Any CPU.ActiveCfg = AppStore|iPhone
		{7E1A9696-C404-4FF4-B3A9-907BEF551898}.AppStore|ARM.ActiveCfg = AppStore|iPhone
		{7E1A9696-C404-4FF4-B3A9-907BEF551898}.AppStore|iPhone.ActiveCfg = AppStore|iPhone
		{7E1A9696-C404-4FF4-B3A9-907BEF551898}.AppStore|iPhone.Build.0 = AppStore|iPhone
		{7E1A9696-C404-4FF4-B3A9-907BEF551898}.AppStore|iPhoneSimulator.ActiveCfg = AppStore|iPhoneSimulator
		{7E1A9696-C404-4FF4-B3A9-907BEF551898}.AppStore|iPhoneSimulator.Build.0 = AppStore|iPhoneSimulator
		{7E1A9696-C404-4FF4-B3A9-907BEF551898}.AppStore|x64.ActiveCfg = AppStore|iPhone
		{7E1A9696-C404-4FF4-B3A9-907BEF551898}.AppStore|x86.ActiveCfg = AppStore|iPhone
		{7E1A9696-C404-4FF4-B3A9-907BEF551898}.Debug|Any CPU.ActiveCfg = Debug|iPhone
		{7E1A9696-C404-4FF4-B3A9-907BEF551898}.Debug|ARM.ActiveCfg = Debug|iPhone
		{7E1A9696-C404-4FF4-B3A9-907BEF551898}.Debug|iPhone.ActiveCfg = Debug|iPhone
		{7E1A9696-C404-4FF4-B3A9-907BEF551898}.Debug|iPhone.Build.0 = Debug|iPhone
		{7E1A9696-C404-4FF4-B3A9-907BEF551898}.Debug|iPhoneSimulator.ActiveCfg = Debug|iPhoneSimulator
		{7E1A9696-C404-4FF4-B3A9-907BEF551898}.Debug|iPhoneSimulator.Build.0 = Debug|iPhoneSimulator
		{7E1A9696-C404-4FF4-B3A9-907BEF551898}.Debug|x64.ActiveCfg = Debug|iPhone
		{7E1A9696-C404-4FF4-B3A9-907BEF551898}.Debug|x86.ActiveCfg = Debug|iPhone
		{7E1A9696-C404-4FF4-B3A9-907BEF551898}.Release|Any CPU.ActiveCfg = Release|iPhone
		{7E1A9696-C404-4FF4-B3A9-907BEF551898}.Release|ARM.ActiveCfg = Release|iPhone
		{7E1A9696-C404-4FF4-B3A9-907BEF551898}.Release|iPhone.ActiveCfg = Release|iPhone
		{7E1A9696-C404-4FF4-B3A9-907BEF551898}.Release|iPhone.Build.0 = Release|iPhone
		{7E1A9696-C404-4FF4-B3A9-907BEF551898}.Release|iPhoneSimulator.ActiveCfg = Release|iPhoneSimulator
		{7E1A9696-C404-4FF4-B3A9-907BEF551898}.Release|iPhoneSimulator.Build.0 = Release|iPhoneSimulator
		{7E1A9696-C404-4FF4-B3A9-907BEF551898}.Release|x64.ActiveCfg = Release|iPhone
		{7E1A9696-C404-4FF4-B3A9-907BEF551898}.Release|x86.ActiveCfg = Release|iPhone
		{2E92B235-3163-4760-BFD1-94C73A409308}.Ad-Hoc|Any CPU.ActiveCfg = Release|Any CPU
		{2E92B235-3163-4760-BFD1-94C73A409308}.Ad-Hoc|Any CPU.Build.0 = Release|Any CPU
		{2E92B235-3163-4760-BFD1-94C73A409308}.Ad-Hoc|ARM.ActiveCfg = Release|Any CPU
		{2E92B235-3163-4760-BFD1-94C73A409308}.Ad-Hoc|ARM.Build.0 = Release|Any CPU
		{2E92B235-3163-4760-BFD1-94C73A409308}.Ad-Hoc|iPhone.ActiveCfg = Release|Any CPU
		{2E92B235-3163-4760-BFD1-94C73A409308}.Ad-Hoc|iPhone.Build.0 = Release|Any CPU
		{2E92B235-3163-4760-BFD1-94C73A409308}.Ad-Hoc|iPhoneSimulator.ActiveCfg = Release|Any CPU
		{2E92B235-3163-4760-BFD1-94C73A409308}.Ad-Hoc|iPhoneSimulator.Build.0 = Release|Any CPU
		{2E92B235-3163-4760-BFD1-94C73A409308}.Ad-Hoc|x64.ActiveCfg = Release|Any CPU
		{2E92B235-3163-4760-BFD1-94C73A409308}.Ad-Hoc|x64.Build.0 = Release|Any CPU
		{2E92B235-3163-4760-BFD1-94C73A409308}.Ad-Hoc|x86.ActiveCfg = Release|Any CPU
		{2E92B235-3163-4760-BFD1-94C73A409308}.Ad-Hoc|x86.Build.0 = Release|Any CPU
		{2E92B235-3163-4760-BFD1-94C73A409308}.AppStore|Any CPU.ActiveCfg = Release|Any CPU
		{2E92B235-3163-4760-BFD1-94C73A409308}.AppStore|Any CPU.Build.0 = Release|Any CPU
		{2E92B235-3163-4760-BFD1-94C73A409308}.AppStore|ARM.ActiveCfg = Release|Any CPU
		{2E92B235-3163-4760-BFD1-94C73A409308}.AppStore|ARM.Build.0 = Release|Any CPU
		{2E92B235-3163-4760-BFD1-94C73A409308}.AppStore|iPhone.ActiveCfg = Release|Any CPU
		{2E92B235-3163-4760-BFD1-94C73A409308}.AppStore|iPhone.Build.0 = Release|Any CPU
		{2E92B235-3163-4760-BFD1-94C73A409308}.AppStore|iPhoneSimulator.ActiveCfg = Release|Any CPU
		{2E92B235-3163-4760-BFD1-94C73A409308}.AppStore|iPhoneSimulator.Build.0 = Release|Any CPU
		{2E92B235-3163-4760-BFD1-94C73A409308}.AppStore|x64.ActiveCfg = Release|Any CPU
		{2E92B235-3163-4760-BFD1-94C73A409308}.AppStore|x64.Build.0 = Release|Any CPU
		{2E92B235-3163-4760-BFD1-94C73A409308}.AppStore|x86.ActiveCfg = Release|Any CPU
		{2E92B235-3163-4760-BFD1-94C73A409308}.AppStore|x86.Build.0 = Release|Any CPU
		{2E92B235-3163-4760-BFD1-94C73A409308}.Debug|Any CPU.ActiveCfg = Debug|Any CPU
		{2E92B235-3163-4760-BFD1-94C73A409308}.Debug|Any CPU.Build.0 = Debug|Any CPU
		{2E92B235-3163-4760-BFD1-94C73A409308}.Debug|ARM.ActiveCfg = Debug|Any CPU
		{2E92B235-3163-4760-BFD1-94C73A409308}.Debug|ARM.Build.0 = Debug|Any CPU
		{2E92B235-3163-4760-BFD1-94C73A409308}.Debug|iPhone.ActiveCfg = Debug|Any CPU
		{2E92B235-3163-4760-BFD1-94C73A409308}.Debug|iPhone.Build.0 = Debug|Any CPU
		{2E92B235-3163-4760-BFD1-94C73A409308}.Debug|iPhoneSimulator.ActiveCfg = Debug|Any CPU
		{2E92B235-3163-4760-BFD1-94C73A409308}.Debug|iPhoneSimulator.Build.0 = Debug|Any CPU
		{2E92B235-3163-4760-BFD1-94C73A409308}.Debug|x64.ActiveCfg = Debug|Any CPU
		{2E92B235-3163-4760-BFD1-94C73A409308}.Debug|x64.Build.0 = Debug|Any CPU
		{2E92B235-3163-4760-BFD1-94C73A409308}.Debug|x86.ActiveCfg = Debug|Any CPU
		{2E92B235-3163-4760-BFD1-94C73A409308}.Debug|x86.Build.0 = Debug|Any CPU
		{2E92B235-3163-4760-BFD1-94C73A409308}.Release|Any CPU.ActiveCfg = Release|Any CPU
		{2E92B235-3163-4760-BFD1-94C73A409308}.Release|Any CPU.Build.0 = Release|Any CPU
		{2E92B235-3163-4760-BFD1-94C73A409308}.Release|ARM.ActiveCfg = Release|Any CPU
		{2E92B235-3163-4760-BFD1-94C73A409308}.Release|ARM.Build.0 = Release|Any CPU
		{2E92B235-3163-4760-BFD1-94C73A409308}.Release|iPhone.ActiveCfg = Release|Any CPU
		{2E92B235-3163-4760-BFD1-94C73A409308}.Release|iPhone.Build.0 = Release|Any CPU
		{2E92B235-3163-4760-BFD1-94C73A409308}.Release|iPhoneSimulator.ActiveCfg = Release|Any CPU
		{2E92B235-3163-4760-BFD1-94C73A409308}.Release|iPhoneSimulator.Build.0 = Release|Any CPU
		{2E92B235-3163-4760-BFD1-94C73A409308}.Release|x64.ActiveCfg = Release|Any CPU
		{2E92B235-3163-4760-BFD1-94C73A409308}.Release|x64.Build.0 = Release|Any CPU
		{2E92B235-3163-4760-BFD1-94C73A409308}.Release|x86.ActiveCfg = Release|Any CPU
		{2E92B235-3163-4760-BFD1-94C73A409308}.Release|x86.Build.0 = Release|Any CPU
		{6EDB0588-FFC5-4EF5-8A99-9E241D0F878D}.Ad-Hoc|Any CPU.ActiveCfg = Release|Any CPU
		{6EDB0588-FFC5-4EF5-8A99-9E241D0F878D}.Ad-Hoc|Any CPU.Build.0 = Release|Any CPU
		{6EDB0588-FFC5-4EF5-8A99-9E241D0F878D}.Ad-Hoc|ARM.ActiveCfg = Release|Any CPU
		{6EDB0588-FFC5-4EF5-8A99-9E241D0F878D}.Ad-Hoc|ARM.Build.0 = Release|Any CPU
		{6EDB0588-FFC5-4EF5-8A99-9E241D0F878D}.Ad-Hoc|iPhone.ActiveCfg = Release|Any CPU
		{6EDB0588-FFC5-4EF5-8A99-9E241D0F878D}.Ad-Hoc|iPhone.Build.0 = Release|Any CPU
		{6EDB0588-FFC5-4EF5-8A99-9E241D0F878D}.Ad-Hoc|iPhoneSimulator.ActiveCfg = Release|Any CPU
		{6EDB0588-FFC5-4EF5-8A99-9E241D0F878D}.Ad-Hoc|iPhoneSimulator.Build.0 = Release|Any CPU
		{6EDB0588-FFC5-4EF5-8A99-9E241D0F878D}.Ad-Hoc|x64.ActiveCfg = Release|Any CPU
		{6EDB0588-FFC5-4EF5-8A99-9E241D0F878D}.Ad-Hoc|x64.Build.0 = Release|Any CPU
		{6EDB0588-FFC5-4EF5-8A99-9E241D0F878D}.Ad-Hoc|x86.ActiveCfg = Release|Any CPU
		{6EDB0588-FFC5-4EF5-8A99-9E241D0F878D}.Ad-Hoc|x86.Build.0 = Release|Any CPU
		{6EDB0588-FFC5-4EF5-8A99-9E241D0F878D}.AppStore|Any CPU.ActiveCfg = Release|Any CPU
		{6EDB0588-FFC5-4EF5-8A99-9E241D0F878D}.AppStore|Any CPU.Build.0 = Release|Any CPU
		{6EDB0588-FFC5-4EF5-8A99-9E241D0F878D}.AppStore|ARM.ActiveCfg = Release|Any CPU
		{6EDB0588-FFC5-4EF5-8A99-9E241D0F878D}.AppStore|ARM.Build.0 = Release|Any CPU
		{6EDB0588-FFC5-4EF5-8A99-9E241D0F878D}.AppStore|iPhone.ActiveCfg = Release|Any CPU
		{6EDB0588-FFC5-4EF5-8A99-9E241D0F878D}.AppStore|iPhone.Build.0 = Release|Any CPU
		{6EDB0588-FFC5-4EF5-8A99-9E241D0F878D}.AppStore|iPhoneSimulator.ActiveCfg = Release|Any CPU
		{6EDB0588-FFC5-4EF5-8A99-9E241D0F878D}.AppStore|iPhoneSimulator.Build.0 = Release|Any CPU
		{6EDB0588-FFC5-4EF5-8A99-9E241D0F878D}.AppStore|x64.ActiveCfg = Release|Any CPU
		{6EDB0588-FFC5-4EF5-8A99-9E241D0F878D}.AppStore|x64.Build.0 = Release|Any CPU
		{6EDB0588-FFC5-4EF5-8A99-9E241D0F878D}.AppStore|x86.ActiveCfg = Release|Any CPU
		{6EDB0588-FFC5-4EF5-8A99-9E241D0F878D}.AppStore|x86.Build.0 = Release|Any CPU
		{6EDB0588-FFC5-4EF5-8A99-9E241D0F878D}.Debug|Any CPU.ActiveCfg = Debug|Any CPU
		{6EDB0588-FFC5-4EF5-8A99-9E241D0F878D}.Debug|Any CPU.Build.0 = Debug|Any CPU
		{6EDB0588-FFC5-4EF5-8A99-9E241D0F878D}.Debug|ARM.ActiveCfg = Debug|Any CPU
		{6EDB0588-FFC5-4EF5-8A99-9E241D0F878D}.Debug|ARM.Build.0 = Debug|Any CPU
		{6EDB0588-FFC5-4EF5-8A99-9E241D0F878D}.Debug|iPhone.ActiveCfg = Debug|Any CPU
		{6EDB0588-FFC5-4EF5-8A99-9E241D0F878D}.Debug|iPhone.Build.0 = Debug|Any CPU
		{6EDB0588-FFC5-4EF5-8A99-9E241D0F878D}.Debug|iPhoneSimulator.ActiveCfg = Debug|Any CPU
		{6EDB0588-FFC5-4EF5-8A99-9E241D0F878D}.Debug|iPhoneSimulator.Build.0 = Debug|Any CPU
		{6EDB0588-FFC5-4EF5-8A99-9E241D0F878D}.Debug|x64.ActiveCfg = Debug|Any CPU
		{6EDB0588-FFC5-4EF5-8A99-9E241D0F878D}.Debug|x64.Build.0 = Debug|Any CPU
		{6EDB0588-FFC5-4EF5-8A99-9E241D0F878D}.Debug|x86.ActiveCfg = Debug|Any CPU
		{6EDB0588-FFC5-4EF5-8A99-9E241D0F878D}.Debug|x86.Build.0 = Debug|Any CPU
		{6EDB0588-FFC5-4EF5-8A99-9E241D0F878D}.Release|Any CPU.ActiveCfg = Release|Any CPU
		{6EDB0588-FFC5-4EF5-8A99-9E241D0F878D}.Release|Any CPU.Build.0 = Release|Any CPU
		{6EDB0588-FFC5-4EF5-8A99-9E241D0F878D}.Release|ARM.ActiveCfg = Release|Any CPU
		{6EDB0588-FFC5-4EF5-8A99-9E241D0F878D}.Release|ARM.Build.0 = Release|Any CPU
		{6EDB0588-FFC5-4EF5-8A99-9E241D0F878D}.Release|iPhone.ActiveCfg = Release|Any CPU
		{6EDB0588-FFC5-4EF5-8A99-9E241D0F878D}.Release|iPhone.Build.0 = Release|Any CPU
		{6EDB0588-FFC5-4EF5-8A99-9E241D0F878D}.Release|iPhoneSimulator.ActiveCfg = Release|Any CPU
		{6EDB0588-FFC5-4EF5-8A99-9E241D0F878D}.Release|iPhoneSimulator.Build.0 = Release|Any CPU
		{6EDB0588-FFC5-4EF5-8A99-9E241D0F878D}.Release|x64.ActiveCfg = Release|Any CPU
		{6EDB0588-FFC5-4EF5-8A99-9E241D0F878D}.Release|x64.Build.0 = Release|Any CPU
		{6EDB0588-FFC5-4EF5-8A99-9E241D0F878D}.Release|x86.ActiveCfg = Release|Any CPU
		{6EDB0588-FFC5-4EF5-8A99-9E241D0F878D}.Release|x86.Build.0 = Release|Any CPU
		{A6FCEF44-D2BA-42C7-B3CB-13667BCD7B54}.Ad-Hoc|Any CPU.ActiveCfg = Release|Any CPU
		{A6FCEF44-D2BA-42C7-B3CB-13667BCD7B54}.Ad-Hoc|Any CPU.Build.0 = Release|Any CPU
		{A6FCEF44-D2BA-42C7-B3CB-13667BCD7B54}.Ad-Hoc|ARM.ActiveCfg = Release|Any CPU
		{A6FCEF44-D2BA-42C7-B3CB-13667BCD7B54}.Ad-Hoc|ARM.Build.0 = Release|Any CPU
		{A6FCEF44-D2BA-42C7-B3CB-13667BCD7B54}.Ad-Hoc|iPhone.ActiveCfg = Release|Any CPU
		{A6FCEF44-D2BA-42C7-B3CB-13667BCD7B54}.Ad-Hoc|iPhone.Build.0 = Release|Any CPU
		{A6FCEF44-D2BA-42C7-B3CB-13667BCD7B54}.Ad-Hoc|iPhoneSimulator.ActiveCfg = Release|Any CPU
		{A6FCEF44-D2BA-42C7-B3CB-13667BCD7B54}.Ad-Hoc|iPhoneSimulator.Build.0 = Release|Any CPU
		{A6FCEF44-D2BA-42C7-B3CB-13667BCD7B54}.Ad-Hoc|x64.ActiveCfg = Release|Any CPU
		{A6FCEF44-D2BA-42C7-B3CB-13667BCD7B54}.Ad-Hoc|x64.Build.0 = Release|Any CPU
		{A6FCEF44-D2BA-42C7-B3CB-13667BCD7B54}.Ad-Hoc|x86.ActiveCfg = Release|Any CPU
		{A6FCEF44-D2BA-42C7-B3CB-13667BCD7B54}.Ad-Hoc|x86.Build.0 = Release|Any CPU
		{A6FCEF44-D2BA-42C7-B3CB-13667BCD7B54}.AppStore|Any CPU.ActiveCfg = Release|Any CPU
		{A6FCEF44-D2BA-42C7-B3CB-13667BCD7B54}.AppStore|Any CPU.Build.0 = Release|Any CPU
		{A6FCEF44-D2BA-42C7-B3CB-13667BCD7B54}.AppStore|ARM.ActiveCfg = Release|Any CPU
		{A6FCEF44-D2BA-42C7-B3CB-13667BCD7B54}.AppStore|ARM.Build.0 = Release|Any CPU
		{A6FCEF44-D2BA-42C7-B3CB-13667BCD7B54}.AppStore|iPhone.ActiveCfg = Release|Any CPU
		{A6FCEF44-D2BA-42C7-B3CB-13667BCD7B54}.AppStore|iPhone.Build.0 = Release|Any CPU
		{A6FCEF44-D2BA-42C7-B3CB-13667BCD7B54}.AppStore|iPhoneSimulator.ActiveCfg = Release|Any CPU
		{A6FCEF44-D2BA-42C7-B3CB-13667BCD7B54}.AppStore|iPhoneSimulator.Build.0 = Release|Any CPU
		{A6FCEF44-D2BA-42C7-B3CB-13667BCD7B54}.AppStore|x64.ActiveCfg = Release|Any CPU
		{A6FCEF44-D2BA-42C7-B3CB-13667BCD7B54}.AppStore|x64.Build.0 = Release|Any CPU
		{A6FCEF44-D2BA-42C7-B3CB-13667BCD7B54}.AppStore|x86.ActiveCfg = Release|Any CPU
		{A6FCEF44-D2BA-42C7-B3CB-13667BCD7B54}.AppStore|x86.Build.0 = Release|Any CPU
		{A6FCEF44-D2BA-42C7-B3CB-13667BCD7B54}.Debug|Any CPU.ActiveCfg = Debug|Any CPU
		{A6FCEF44-D2BA-42C7-B3CB-13667BCD7B54}.Debug|Any CPU.Build.0 = Debug|Any CPU
		{A6FCEF44-D2BA-42C7-B3CB-13667BCD7B54}.Debug|ARM.ActiveCfg = Debug|Any CPU
		{A6FCEF44-D2BA-42C7-B3CB-13667BCD7B54}.Debug|ARM.Build.0 = Debug|Any CPU
		{A6FCEF44-D2BA-42C7-B3CB-13667BCD7B54}.Debug|iPhone.ActiveCfg = Debug|Any CPU
		{A6FCEF44-D2BA-42C7-B3CB-13667BCD7B54}.Debug|iPhone.Build.0 = Debug|Any CPU
		{A6FCEF44-D2BA-42C7-B3CB-13667BCD7B54}.Debug|iPhoneSimulator.ActiveCfg = Debug|Any CPU
		{A6FCEF44-D2BA-42C7-B3CB-13667BCD7B54}.Debug|iPhoneSimulator.Build.0 = Debug|Any CPU
		{A6FCEF44-D2BA-42C7-B3CB-13667BCD7B54}.Debug|x64.ActiveCfg = Debug|Any CPU
		{A6FCEF44-D2BA-42C7-B3CB-13667BCD7B54}.Debug|x64.Build.0 = Debug|Any CPU
		{A6FCEF44-D2BA-42C7-B3CB-13667BCD7B54}.Debug|x86.ActiveCfg = Debug|Any CPU
		{A6FCEF44-D2BA-42C7-B3CB-13667BCD7B54}.Debug|x86.Build.0 = Debug|Any CPU
		{A6FCEF44-D2BA-42C7-B3CB-13667BCD7B54}.Release|Any CPU.ActiveCfg = Release|Any CPU
		{A6FCEF44-D2BA-42C7-B3CB-13667BCD7B54}.Release|Any CPU.Build.0 = Release|Any CPU
		{A6FCEF44-D2BA-42C7-B3CB-13667BCD7B54}.Release|ARM.ActiveCfg = Release|Any CPU
		{A6FCEF44-D2BA-42C7-B3CB-13667BCD7B54}.Release|ARM.Build.0 = Release|Any CPU
		{A6FCEF44-D2BA-42C7-B3CB-13667BCD7B54}.Release|iPhone.ActiveCfg = Release|Any CPU
		{A6FCEF44-D2BA-42C7-B3CB-13667BCD7B54}.Release|iPhone.Build.0 = Release|Any CPU
		{A6FCEF44-D2BA-42C7-B3CB-13667BCD7B54}.Release|iPhoneSimulator.ActiveCfg = Release|Any CPU
		{A6FCEF44-D2BA-42C7-B3CB-13667BCD7B54}.Release|iPhoneSimulator.Build.0 = Release|Any CPU
		{A6FCEF44-D2BA-42C7-B3CB-13667BCD7B54}.Release|x64.ActiveCfg = Release|Any CPU
		{A6FCEF44-D2BA-42C7-B3CB-13667BCD7B54}.Release|x64.Build.0 = Release|Any CPU
		{A6FCEF44-D2BA-42C7-B3CB-13667BCD7B54}.Release|x86.ActiveCfg = Release|Any CPU
		{A6FCEF44-D2BA-42C7-B3CB-13667BCD7B54}.Release|x86.Build.0 = Release|Any CPU
		{56A56F17-7DE1-4CA1-9617-BF32E971AC84}.Ad-Hoc|Any CPU.ActiveCfg = Release|Any CPU
		{56A56F17-7DE1-4CA1-9617-BF32E971AC84}.Ad-Hoc|Any CPU.Build.0 = Release|Any CPU
		{56A56F17-7DE1-4CA1-9617-BF32E971AC84}.Ad-Hoc|ARM.ActiveCfg = Release|Any CPU
		{56A56F17-7DE1-4CA1-9617-BF32E971AC84}.Ad-Hoc|ARM.Build.0 = Release|Any CPU
		{56A56F17-7DE1-4CA1-9617-BF32E971AC84}.Ad-Hoc|iPhone.ActiveCfg = Release|Any CPU
		{56A56F17-7DE1-4CA1-9617-BF32E971AC84}.Ad-Hoc|iPhone.Build.0 = Release|Any CPU
		{56A56F17-7DE1-4CA1-9617-BF32E971AC84}.Ad-Hoc|iPhoneSimulator.ActiveCfg = Release|Any CPU
		{56A56F17-7DE1-4CA1-9617-BF32E971AC84}.Ad-Hoc|iPhoneSimulator.Build.0 = Release|Any CPU
		{56A56F17-7DE1-4CA1-9617-BF32E971AC84}.Ad-Hoc|x64.ActiveCfg = Release|Any CPU
		{56A56F17-7DE1-4CA1-9617-BF32E971AC84}.Ad-Hoc|x64.Build.0 = Release|Any CPU
		{56A56F17-7DE1-4CA1-9617-BF32E971AC84}.Ad-Hoc|x86.ActiveCfg = Release|Any CPU
		{56A56F17-7DE1-4CA1-9617-BF32E971AC84}.Ad-Hoc|x86.Build.0 = Release|Any CPU
		{56A56F17-7DE1-4CA1-9617-BF32E971AC84}.AppStore|Any CPU.ActiveCfg = Release|Any CPU
		{56A56F17-7DE1-4CA1-9617-BF32E971AC84}.AppStore|Any CPU.Build.0 = Release|Any CPU
		{56A56F17-7DE1-4CA1-9617-BF32E971AC84}.AppStore|ARM.ActiveCfg = Release|Any CPU
		{56A56F17-7DE1-4CA1-9617-BF32E971AC84}.AppStore|ARM.Build.0 = Release|Any CPU
		{56A56F17-7DE1-4CA1-9617-BF32E971AC84}.AppStore|iPhone.ActiveCfg = Release|Any CPU
		{56A56F17-7DE1-4CA1-9617-BF32E971AC84}.AppStore|iPhone.Build.0 = Release|Any CPU
		{56A56F17-7DE1-4CA1-9617-BF32E971AC84}.AppStore|iPhoneSimulator.ActiveCfg = Release|Any CPU
		{56A56F17-7DE1-4CA1-9617-BF32E971AC84}.AppStore|iPhoneSimulator.Build.0 = Release|Any CPU
		{56A56F17-7DE1-4CA1-9617-BF32E971AC84}.AppStore|x64.ActiveCfg = Release|Any CPU
		{56A56F17-7DE1-4CA1-9617-BF32E971AC84}.AppStore|x64.Build.0 = Release|Any CPU
		{56A56F17-7DE1-4CA1-9617-BF32E971AC84}.AppStore|x86.ActiveCfg = Release|Any CPU
		{56A56F17-7DE1-4CA1-9617-BF32E971AC84}.AppStore|x86.Build.0 = Release|Any CPU
		{56A56F17-7DE1-4CA1-9617-BF32E971AC84}.Debug|Any CPU.ActiveCfg = Debug|Any CPU
		{56A56F17-7DE1-4CA1-9617-BF32E971AC84}.Debug|Any CPU.Build.0 = Debug|Any CPU
		{56A56F17-7DE1-4CA1-9617-BF32E971AC84}.Debug|ARM.ActiveCfg = Debug|Any CPU
		{56A56F17-7DE1-4CA1-9617-BF32E971AC84}.Debug|ARM.Build.0 = Debug|Any CPU
		{56A56F17-7DE1-4CA1-9617-BF32E971AC84}.Debug|iPhone.ActiveCfg = Debug|Any CPU
		{56A56F17-7DE1-4CA1-9617-BF32E971AC84}.Debug|iPhone.Build.0 = Debug|Any CPU
		{56A56F17-7DE1-4CA1-9617-BF32E971AC84}.Debug|iPhoneSimulator.ActiveCfg = Debug|Any CPU
		{56A56F17-7DE1-4CA1-9617-BF32E971AC84}.Debug|iPhoneSimulator.Build.0 = Debug|Any CPU
		{56A56F17-7DE1-4CA1-9617-BF32E971AC84}.Debug|x64.ActiveCfg = Debug|Any CPU
		{56A56F17-7DE1-4CA1-9617-BF32E971AC84}.Debug|x64.Build.0 = Debug|Any CPU
		{56A56F17-7DE1-4CA1-9617-BF32E971AC84}.Debug|x86.ActiveCfg = Debug|Any CPU
		{56A56F17-7DE1-4CA1-9617-BF32E971AC84}.Debug|x86.Build.0 = Debug|Any CPU
		{56A56F17-7DE1-4CA1-9617-BF32E971AC84}.Release|Any CPU.ActiveCfg = Release|Any CPU
		{56A56F17-7DE1-4CA1-9617-BF32E971AC84}.Release|Any CPU.Build.0 = Release|Any CPU
		{56A56F17-7DE1-4CA1-9617-BF32E971AC84}.Release|ARM.ActiveCfg = Release|Any CPU
		{56A56F17-7DE1-4CA1-9617-BF32E971AC84}.Release|ARM.Build.0 = Release|Any CPU
		{56A56F17-7DE1-4CA1-9617-BF32E971AC84}.Release|iPhone.ActiveCfg = Release|Any CPU
		{56A56F17-7DE1-4CA1-9617-BF32E971AC84}.Release|iPhone.Build.0 = Release|Any CPU
		{56A56F17-7DE1-4CA1-9617-BF32E971AC84}.Release|iPhoneSimulator.ActiveCfg = Release|Any CPU
		{56A56F17-7DE1-4CA1-9617-BF32E971AC84}.Release|iPhoneSimulator.Build.0 = Release|Any CPU
		{56A56F17-7DE1-4CA1-9617-BF32E971AC84}.Release|x64.ActiveCfg = Release|Any CPU
		{56A56F17-7DE1-4CA1-9617-BF32E971AC84}.Release|x64.Build.0 = Release|Any CPU
		{56A56F17-7DE1-4CA1-9617-BF32E971AC84}.Release|x86.ActiveCfg = Release|Any CPU
		{56A56F17-7DE1-4CA1-9617-BF32E971AC84}.Release|x86.Build.0 = Release|Any CPU
		{2882AEEB-D4CD-4EB9-8A6C-6653B33681F0}.Ad-Hoc|Any CPU.ActiveCfg = Release|Any CPU
		{2882AEEB-D4CD-4EB9-8A6C-6653B33681F0}.Ad-Hoc|Any CPU.Build.0 = Release|Any CPU
		{2882AEEB-D4CD-4EB9-8A6C-6653B33681F0}.Ad-Hoc|ARM.ActiveCfg = Release|Any CPU
		{2882AEEB-D4CD-4EB9-8A6C-6653B33681F0}.Ad-Hoc|ARM.Build.0 = Release|Any CPU
		{2882AEEB-D4CD-4EB9-8A6C-6653B33681F0}.Ad-Hoc|iPhone.ActiveCfg = Release|Any CPU
		{2882AEEB-D4CD-4EB9-8A6C-6653B33681F0}.Ad-Hoc|iPhone.Build.0 = Release|Any CPU
		{2882AEEB-D4CD-4EB9-8A6C-6653B33681F0}.Ad-Hoc|iPhoneSimulator.ActiveCfg = Release|Any CPU
		{2882AEEB-D4CD-4EB9-8A6C-6653B33681F0}.Ad-Hoc|iPhoneSimulator.Build.0 = Release|Any CPU
		{2882AEEB-D4CD-4EB9-8A6C-6653B33681F0}.Ad-Hoc|x64.ActiveCfg = Release|Any CPU
		{2882AEEB-D4CD-4EB9-8A6C-6653B33681F0}.Ad-Hoc|x64.Build.0 = Release|Any CPU
		{2882AEEB-D4CD-4EB9-8A6C-6653B33681F0}.Ad-Hoc|x86.ActiveCfg = Release|Any CPU
		{2882AEEB-D4CD-4EB9-8A6C-6653B33681F0}.Ad-Hoc|x86.Build.0 = Release|Any CPU
		{2882AEEB-D4CD-4EB9-8A6C-6653B33681F0}.AppStore|Any CPU.ActiveCfg = Release|Any CPU
		{2882AEEB-D4CD-4EB9-8A6C-6653B33681F0}.AppStore|Any CPU.Build.0 = Release|Any CPU
		{2882AEEB-D4CD-4EB9-8A6C-6653B33681F0}.AppStore|ARM.ActiveCfg = Release|Any CPU
		{2882AEEB-D4CD-4EB9-8A6C-6653B33681F0}.AppStore|ARM.Build.0 = Release|Any CPU
		{2882AEEB-D4CD-4EB9-8A6C-6653B33681F0}.AppStore|iPhone.ActiveCfg = Release|Any CPU
		{2882AEEB-D4CD-4EB9-8A6C-6653B33681F0}.AppStore|iPhone.Build.0 = Release|Any CPU
		{2882AEEB-D4CD-4EB9-8A6C-6653B33681F0}.AppStore|iPhoneSimulator.ActiveCfg = Release|Any CPU
		{2882AEEB-D4CD-4EB9-8A6C-6653B33681F0}.AppStore|iPhoneSimulator.Build.0 = Release|Any CPU
		{2882AEEB-D4CD-4EB9-8A6C-6653B33681F0}.AppStore|x64.ActiveCfg = Release|Any CPU
		{2882AEEB-D4CD-4EB9-8A6C-6653B33681F0}.AppStore|x64.Build.0 = Release|Any CPU
		{2882AEEB-D4CD-4EB9-8A6C-6653B33681F0}.AppStore|x86.ActiveCfg = Release|Any CPU
		{2882AEEB-D4CD-4EB9-8A6C-6653B33681F0}.AppStore|x86.Build.0 = Release|Any CPU
		{2882AEEB-D4CD-4EB9-8A6C-6653B33681F0}.Debug|Any CPU.ActiveCfg = Debug|Any CPU
		{2882AEEB-D4CD-4EB9-8A6C-6653B33681F0}.Debug|Any CPU.Build.0 = Debug|Any CPU
		{2882AEEB-D4CD-4EB9-8A6C-6653B33681F0}.Debug|ARM.ActiveCfg = Debug|Any CPU
		{2882AEEB-D4CD-4EB9-8A6C-6653B33681F0}.Debug|ARM.Build.0 = Debug|Any CPU
		{2882AEEB-D4CD-4EB9-8A6C-6653B33681F0}.Debug|iPhone.ActiveCfg = Debug|Any CPU
		{2882AEEB-D4CD-4EB9-8A6C-6653B33681F0}.Debug|iPhone.Build.0 = Debug|Any CPU
		{2882AEEB-D4CD-4EB9-8A6C-6653B33681F0}.Debug|iPhoneSimulator.ActiveCfg = Debug|Any CPU
		{2882AEEB-D4CD-4EB9-8A6C-6653B33681F0}.Debug|iPhoneSimulator.Build.0 = Debug|Any CPU
		{2882AEEB-D4CD-4EB9-8A6C-6653B33681F0}.Debug|x64.ActiveCfg = Debug|Any CPU
		{2882AEEB-D4CD-4EB9-8A6C-6653B33681F0}.Debug|x64.Build.0 = Debug|Any CPU
		{2882AEEB-D4CD-4EB9-8A6C-6653B33681F0}.Debug|x86.ActiveCfg = Debug|Any CPU
		{2882AEEB-D4CD-4EB9-8A6C-6653B33681F0}.Debug|x86.Build.0 = Debug|Any CPU
		{2882AEEB-D4CD-4EB9-8A6C-6653B33681F0}.Release|Any CPU.ActiveCfg = Release|Any CPU
		{2882AEEB-D4CD-4EB9-8A6C-6653B33681F0}.Release|Any CPU.Build.0 = Release|Any CPU
		{2882AEEB-D4CD-4EB9-8A6C-6653B33681F0}.Release|ARM.ActiveCfg = Release|Any CPU
		{2882AEEB-D4CD-4EB9-8A6C-6653B33681F0}.Release|ARM.Build.0 = Release|Any CPU
		{2882AEEB-D4CD-4EB9-8A6C-6653B33681F0}.Release|iPhone.ActiveCfg = Release|Any CPU
		{2882AEEB-D4CD-4EB9-8A6C-6653B33681F0}.Release|iPhone.Build.0 = Release|Any CPU
		{2882AEEB-D4CD-4EB9-8A6C-6653B33681F0}.Release|iPhoneSimulator.ActiveCfg = Release|Any CPU
		{2882AEEB-D4CD-4EB9-8A6C-6653B33681F0}.Release|iPhoneSimulator.Build.0 = Release|Any CPU
		{2882AEEB-D4CD-4EB9-8A6C-6653B33681F0}.Release|x64.ActiveCfg = Release|Any CPU
		{2882AEEB-D4CD-4EB9-8A6C-6653B33681F0}.Release|x64.Build.0 = Release|Any CPU
		{2882AEEB-D4CD-4EB9-8A6C-6653B33681F0}.Release|x86.ActiveCfg = Release|Any CPU
		{2882AEEB-D4CD-4EB9-8A6C-6653B33681F0}.Release|x86.Build.0 = Release|Any CPU
	EndGlobalSection
	GlobalSection(SolutionProperties) = preSolution
		HideSolutionNode = FALSE
	EndGlobalSection
	GlobalSection(NestedProjects) = preSolution
		{6EDB0588-FFC5-4EF5-8A99-9E241D0F878D} = {0A45A081-4FB3-46E5-924F-05222CB6E3C4}
		{A6FCEF44-D2BA-42C7-B3CB-13667BCD7B54} = {0A45A081-4FB3-46E5-924F-05222CB6E3C4}
		{6FA1EA4D-D2FB-46F2-80C6-2BD39DAA151F} = {0A45A081-4FB3-46E5-924F-05222CB6E3C4}
		{56A56F17-7DE1-4CA1-9617-BF32E971AC84} = {0A45A081-4FB3-46E5-924F-05222CB6E3C4}
		{2882AEEB-D4CD-4EB9-8A6C-6653B33681F0} = {0A45A081-4FB3-46E5-924F-05222CB6E3C4}
	EndGlobalSection
EndGlobal
