// !$*UTF8*$!
{
	archiveVersion = 1;
	classes = {
	};
	objectVersion = 46;
	objects = {

/* Begin PBXBuildFile section */
		D1243FE91CD3315400483959 /* AppDelegate.swift in Sources */ = {isa = PBXBuildFile; fileRef = D1243FE81CD3315400483959 /* AppDelegate.swift */; };
		D1243FEB1CD3315400483959 /* ViewController.swift in Sources */ = {isa = PBXBuildFile; fileRef = D1243FEA1CD3315400483959 /* ViewController.swift */; };
		D1243FEE1CD3315400483959 /* Main.storyboard in Resources */ = {isa = PBXBuildFile; fileRef = D1243FEC1CD3315400483959 /* Main.storyboard */; };
		D1243FF01CD3315400483959 /* Assets.xcassets in Resources */ = {isa = PBXBuildFile; fileRef = D1243FEF1CD3315400483959 /* Assets.xcassets */; };
		D1243FF31CD3315400483959 /* LaunchScreen.storyboard in Resources */ = {isa = PBXBuildFile; fileRef = D1243FF11CD3315400483959 /* LaunchScreen.storyboard */; };
		D1243FFE1CD3315400483959 /* LightOrganAppTests.swift in Sources */ = {isa = PBXBuildFile; fileRef = D1243FFD1CD3315400483959 /* LightOrganAppTests.swift */; };
		D12440091CD3315400483959 /* LightOrganAppUITests.swift in Sources */ = {isa = PBXBuildFile; fileRef = D12440081CD3315400483959 /* LightOrganAppUITests.swift */; };
		D13B04031CD891FE00B7DFF5 /* FileListViewController.swift in Sources */ = {isa = PBXBuildFile; fileRef = D13B04021CD891FE00B7DFF5 /* FileListViewController.swift */; };
		D17649751CD332EC00E724AB /* .gitignore in Resources */ = {isa = PBXBuildFile; fileRef = D17649741CD332EC00E724AB /* .gitignore */; };
		D1DC198E1CDC704700FC5623 /* CustomSearchBar.swift in Sources */ = {isa = PBXBuildFile; fileRef = D1DC198D1CDC704700FC5623 /* CustomSearchBar.swift */; };
		D1DC19901CDC732A00FC5623 /* CustomSearchController.swift in Sources */ = {isa = PBXBuildFile; fileRef = D1DC198F1CDC732A00FC5623 /* CustomSearchController.swift */; };
/* End PBXBuildFile section */

/* Begin PBXContainerItemProxy section */
		D1243FFA1CD3315400483959 /* PBXContainerItemProxy */ = {
			isa = PBXContainerItemProxy;
			containerPortal = D1243FDD1CD3315400483959 /* Project object */;
			proxyType = 1;
			remoteGlobalIDString = D1243FE41CD3315400483959;
			remoteInfo = LightOrganApp;
		};
		D12440051CD3315400483959 /* PBXContainerItemProxy */ = {
			isa = PBXContainerItemProxy;
			containerPortal = D1243FDD1CD3315400483959 /* Project object */;
			proxyType = 1;
			remoteGlobalIDString = D1243FE41CD3315400483959;
			remoteInfo = LightOrganApp;
		};
/* End PBXContainerItemProxy section */

/* Begin PBXFileReference section */
		D1243FE51CD3315400483959 /* LightOrganApp.app */ = {isa = PBXFileReference; explicitFileType = wrapper.application; includeInIndex = 0; path = LightOrganApp.app; sourceTree = BUILT_PRODUCTS_DIR; };
		D1243FE81CD3315400483959 /* AppDelegate.swift */ = {isa = PBXFileReference; lastKnownFileType = sourcecode.swift; path = AppDelegate.swift; sourceTree = "<group>"; };
		D1243FEA1CD3315400483959 /* ViewController.swift */ = {isa = PBXFileReference; lastKnownFileType = sourcecode.swift; path = ViewController.swift; sourceTree = "<group>"; };
		D1243FED1CD3315400483959 /* Base */ = {isa = PBXFileReference; lastKnownFileType = file.storyboard; name = Base; path = Base.lproj/Main.storyboard; sourceTree = "<group>"; };
		D1243FEF1CD3315400483959 /* Assets.xcassets */ = {isa = PBXFileReference; lastKnownFileType = folder.assetcatalog; path = Assets.xcassets; sourceTree = "<group>"; };
		D1243FF21CD3315400483959 /* Base */ = {isa = PBXFileReference; lastKnownFileType = file.storyboard; name = Base; path = Base.lproj/LaunchScreen.storyboard; sourceTree = "<group>"; };
		D1243FF41CD3315400483959 /* Info.plist */ = {isa = PBXFileReference; lastKnownFileType = text.plist.xml; path = Info.plist; sourceTree = "<group>"; };
		D1243FF91CD3315400483959 /* LightOrganAppTests.xctest */ = {isa = PBXFileReference; explicitFileType = wrapper.cfbundle; includeInIndex = 0; path = LightOrganAppTests.xctest; sourceTree = BUILT_PRODUCTS_DIR; };
		D1243FFD1CD3315400483959 /* LightOrganAppTests.swift */ = {isa = PBXFileReference; lastKnownFileType = sourcecode.swift; path = LightOrganAppTests.swift; sourceTree = "<group>"; };
		D1243FFF1CD3315400483959 /* Info.plist */ = {isa = PBXFileReference; lastKnownFileType = text.plist.xml; path = Info.plist; sourceTree = "<group>"; };
		D12440041CD3315400483959 /* LightOrganAppUITests.xctest */ = {isa = PBXFileReference; explicitFileType = wrapper.cfbundle; includeInIndex = 0; path = LightOrganAppUITests.xctest; sourceTree = BUILT_PRODUCTS_DIR; };
		D12440081CD3315400483959 /* LightOrganAppUITests.swift */ = {isa = PBXFileReference; lastKnownFileType = sourcecode.swift; path = LightOrganAppUITests.swift; sourceTree = "<group>"; };
		D124400A1CD3315400483959 /* Info.plist */ = {isa = PBXFileReference; lastKnownFileType = text.plist.xml; path = Info.plist; sourceTree = "<group>"; };
		D13B04021CD891FE00B7DFF5 /* FileListViewController.swift */ = {isa = PBXFileReference; fileEncoding = 4; lastKnownFileType = sourcecode.swift; path = FileListViewController.swift; sourceTree = "<group>"; };
		D17649741CD332EC00E724AB /* .gitignore */ = {isa = PBXFileReference; fileEncoding = 4; lastKnownFileType = text; path = .gitignore; sourceTree = "<group>"; };
		D1DC198D1CDC704700FC5623 /* CustomSearchBar.swift */ = {isa = PBXFileReference; fileEncoding = 4; lastKnownFileType = sourcecode.swift; path = CustomSearchBar.swift; sourceTree = "<group>"; };
		D1DC198F1CDC732A00FC5623 /* CustomSearchController.swift */ = {isa = PBXFileReference; fileEncoding = 4; lastKnownFileType = sourcecode.swift; path = CustomSearchController.swift; sourceTree = "<group>"; };
/* End PBXFileReference section */

/* Begin PBXFrameworksBuildPhase section */
		D1243FE21CD3315400483959 /* Frameworks */ = {
			isa = PBXFrameworksBuildPhase;
			buildActionMask = 2147483647;
			files = (
			);
			runOnlyForDeploymentPostprocessing = 0;
		};
		D1243FF61CD3315400483959 /* Frameworks */ = {
			isa = PBXFrameworksBuildPhase;
			buildActionMask = 2147483647;
			files = (
			);
			runOnlyForDeploymentPostprocessing = 0;
		};
		D12440011CD3315400483959 /* Frameworks */ = {
			isa = PBXFrameworksBuildPhase;
			buildActionMask = 2147483647;
			files = (
			);
			runOnlyForDeploymentPostprocessing = 0;
		};
/* End PBXFrameworksBuildPhase section */

/* Begin PBXGroup section */
		D1243FDC1CD3315400483959 = {
			isa = PBXGroup;
			children = (
				D17649741CD332EC00E724AB /* .gitignore */,
				D1243FE71CD3315400483959 /* LightOrganApp */,
				D1243FFC1CD3315400483959 /* LightOrganAppTests */,
				D12440071CD3315400483959 /* LightOrganAppUITests */,
				D1243FE61CD3315400483959 /* Products */,
			);
			sourceTree = "<group>";
		};
		D1243FE61CD3315400483959 /* Products */ = {
			isa = PBXGroup;
			children = (
				D1243FE51CD3315400483959 /* LightOrganApp.app */,
				D1243FF91CD3315400483959 /* LightOrganAppTests.xctest */,
				D12440041CD3315400483959 /* LightOrganAppUITests.xctest */,
			);
			name = Products;
			sourceTree = "<group>";
		};
		D1243FE71CD3315400483959 /* LightOrganApp */ = {
			isa = PBXGroup;
			children = (
				D1243FE81CD3315400483959 /* AppDelegate.swift */,
				D1243FEA1CD3315400483959 /* ViewController.swift */,
				D1243FEC1CD3315400483959 /* Main.storyboard */,
				D1243FEF1CD3315400483959 /* Assets.xcassets */,
				D1243FF11CD3315400483959 /* LaunchScreen.storyboard */,
				D1243FF41CD3315400483959 /* Info.plist */,
				D13B04021CD891FE00B7DFF5 /* FileListViewController.swift */,
				D1DC198D1CDC704700FC5623 /* CustomSearchBar.swift */,
				D1DC198F1CDC732A00FC5623 /* CustomSearchController.swift */,
			);
			path = LightOrganApp;
			sourceTree = "<group>";
		};
		D1243FFC1CD3315400483959 /* LightOrganAppTests */ = {
			isa = PBXGroup;
			children = (
				D1243FFD1CD3315400483959 /* LightOrganAppTests.swift */,
				D1243FFF1CD3315400483959 /* Info.plist */,
			);
			path = LightOrganAppTests;
			sourceTree = "<group>";
		};
		D12440071CD3315400483959 /* LightOrganAppUITests */ = {
			isa = PBXGroup;
			children = (
				D12440081CD3315400483959 /* LightOrganAppUITests.swift */,
				D124400A1CD3315400483959 /* Info.plist */,
			);
			path = LightOrganAppUITests;
			sourceTree = "<group>";
		};
/* End PBXGroup section */

/* Begin PBXNativeTarget section */
		D1243FE41CD3315400483959 /* LightOrganApp */ = {
			isa = PBXNativeTarget;
			buildConfigurationList = D124400D1CD3315400483959 /* Build configuration list for PBXNativeTarget "LightOrganApp" */;
			buildPhases = (
				D1243FE11CD3315400483959 /* Sources */,
				D1243FE21CD3315400483959 /* Frameworks */,
				D1243FE31CD3315400483959 /* Resources */,
			);
			buildRules = (
			);
			dependencies = (
			);
			name = LightOrganApp;
			productName = LightOrganApp;
			productReference = D1243FE51CD3315400483959 /* LightOrganApp.app */;
			productType = "com.apple.product-type.application";
		};
		D1243FF81CD3315400483959 /* LightOrganAppTests */ = {
			isa = PBXNativeTarget;
			buildConfigurationList = D12440101CD3315400483959 /* Build configuration list for PBXNativeTarget "LightOrganAppTests" */;
			buildPhases = (
				D1243FF51CD3315400483959 /* Sources */,
				D1243FF61CD3315400483959 /* Frameworks */,
				D1243FF71CD3315400483959 /* Resources */,
			);
			buildRules = (
			);
			dependencies = (
				D1243FFB1CD3315400483959 /* PBXTargetDependency */,
			);
			name = LightOrganAppTests;
			productName = LightOrganAppTests;
			productReference = D1243FF91CD3315400483959 /* LightOrganAppTests.xctest */;
			productType = "com.apple.product-type.bundle.unit-test";
		};
		D12440031CD3315400483959 /* LightOrganAppUITests */ = {
			isa = PBXNativeTarget;
			buildConfigurationList = D12440131CD3315400483959 /* Build configuration list for PBXNativeTarget "LightOrganAppUITests" */;
			buildPhases = (
				D12440001CD3315400483959 /* Sources */,
				D12440011CD3315400483959 /* Frameworks */,
				D12440021CD3315400483959 /* Resources */,
			);
			buildRules = (
			);
			dependencies = (
				D12440061CD3315400483959 /* PBXTargetDependency */,
			);
			name = LightOrganAppUITests;
			productName = LightOrganAppUITests;
			productReference = D12440041CD3315400483959 /* LightOrganAppUITests.xctest */;
			productType = "com.apple.product-type.bundle.ui-testing";
		};
/* End PBXNativeTarget section */

/* Begin PBXProject section */
		D1243FDD1CD3315400483959 /* Project object */ = {
			isa = PBXProject;
			attributes = {
				LastSwiftUpdateCheck = 0730;
				LastUpgradeCheck = 0730;
				ORGANIZATIONNAME = "Marcin Kruszyński";
				TargetAttributes = {
					D1243FE41CD3315400483959 = {
						CreatedOnToolsVersion = 7.3;
						DevelopmentTeam = NVFFLJ4MD8;
					};
					D1243FF81CD3315400483959 = {
						CreatedOnToolsVersion = 7.3;
						DevelopmentTeam = NVFFLJ4MD8;
						TestTargetID = D1243FE41CD3315400483959;
					};
					D12440031CD3315400483959 = {
						CreatedOnToolsVersion = 7.3;
						DevelopmentTeam = NVFFLJ4MD8;
						TestTargetID = D1243FE41CD3315400483959;
					};
				};
			};
			buildConfigurationList = D1243FE01CD3315400483959 /* Build configuration list for PBXProject "LightOrganApp" */;
			compatibilityVersion = "Xcode 3.2";
			developmentRegion = English;
			hasScannedForEncodings = 0;
			knownRegions = (
				en,
				Base,
			);
			mainGroup = D1243FDC1CD3315400483959;
			productRefGroup = D1243FE61CD3315400483959 /* Products */;
			projectDirPath = "";
			projectRoot = "";
			targets = (
				D1243FE41CD3315400483959 /* LightOrganApp */,
				D1243FF81CD3315400483959 /* LightOrganAppTests */,
				D12440031CD3315400483959 /* LightOrganAppUITests */,
			);
		};
/* End PBXProject section */

/* Begin PBXResourcesBuildPhase section */
		D1243FE31CD3315400483959 /* Resources */ = {
			isa = PBXResourcesBuildPhase;
			buildActionMask = 2147483647;
			files = (
				D17649751CD332EC00E724AB /* .gitignore in Resources */,
				D1243FF31CD3315400483959 /* LaunchScreen.storyboard in Resources */,
				D1243FF01CD3315400483959 /* Assets.xcassets in Resources */,
				D1243FEE1CD3315400483959 /* Main.storyboard in Resources */,
			);
			runOnlyForDeploymentPostprocessing = 0;
		};
		D1243FF71CD3315400483959 /* Resources */ = {
			isa = PBXResourcesBuildPhase;
			buildActionMask = 2147483647;
			files = (
			);
			runOnlyForDeploymentPostprocessing = 0;
		};
		D12440021CD3315400483959 /* Resources */ = {
			isa = PBXResourcesBuildPhase;
			buildActionMask = 2147483647;
			files = (
			);
			runOnlyForDeploymentPostprocessing = 0;
		};
/* End PBXResourcesBuildPhase section */

/* Begin PBXSourcesBuildPhase section */
		D1243FE11CD3315400483959 /* Sources */ = {
			isa = PBXSourcesBuildPhase;
			buildActionMask = 2147483647;
			files = (
				D1DC19901CDC732A00FC5623 /* CustomSearchController.swift in Sources */,
				D1243FEB1CD3315400483959 /* ViewController.swift in Sources */,
				D1243FE91CD3315400483959 /* AppDelegate.swift in Sources */,
				D1DC198E1CDC704700FC5623 /* CustomSearchBar.swift in Sources */,
				D13B04031CD891FE00B7DFF5 /* FileListViewController.swift in Sources */,
			);
			runOnlyForDeploymentPostprocessing = 0;
		};
		D1243FF51CD3315400483959 /* Sources */ = {
			isa = PBXSourcesBuildPhase;
			buildActionMask = 2147483647;
			files = (
				D1243FFE1CD3315400483959 /* LightOrganAppTests.swift in Sources */,
			);
			runOnlyForDeploymentPostprocessing = 0;
		};
		D12440001CD3315400483959 /* Sources */ = {
			isa = PBXSourcesBuildPhase;
			buildActionMask = 2147483647;
			files = (
				D12440091CD3315400483959 /* LightOrganAppUITests.swift in Sources */,
			);
			runOnlyForDeploymentPostprocessing = 0;
		};
/* End PBXSourcesBuildPhase section */

/* Begin PBXTargetDependency section */
		D1243FFB1CD3315400483959 /* PBXTargetDependency */ = {
			isa = PBXTargetDependency;
			target = D1243FE41CD3315400483959 /* LightOrganApp */;
			targetProxy = D1243FFA1CD3315400483959 /* PBXContainerItemProxy */;
		};
		D12440061CD3315400483959 /* PBXTargetDependency */ = {
			isa = PBXTargetDependency;
			target = D1243FE41CD3315400483959 /* LightOrganApp */;
			targetProxy = D12440051CD3315400483959 /* PBXContainerItemProxy */;
		};
/* End PBXTargetDependency section */

/* Begin PBXVariantGroup section */
		D1243FEC1CD3315400483959 /* Main.storyboard */ = {
			isa = PBXVariantGroup;
			children = (
				D1243FED1CD3315400483959 /* Base */,
			);
			name = Main.storyboard;
			sourceTree = "<group>";
		};
		D1243FF11CD3315400483959 /* LaunchScreen.storyboard */ = {
			isa = PBXVariantGroup;
			children = (
				D1243FF21CD3315400483959 /* Base */,
			);
			name = LaunchScreen.storyboard;
			sourceTree = "<group>";
		};
/* End PBXVariantGroup section */

/* Begin XCBuildConfiguration section */
		D124400B1CD3315400483959 /* Debug */ = {
			isa = XCBuildConfiguration;
			buildSettings = {
				ALWAYS_SEARCH_USER_PATHS = NO;
				CLANG_ANALYZER_NONNULL = YES;
				CLANG_CXX_LANGUAGE_STANDARD = "gnu++0x";
				CLANG_CXX_LIBRARY = "libc++";
				CLANG_ENABLE_MODULES = YES;
				CLANG_ENABLE_OBJC_ARC = YES;
				CLANG_WARN_BOOL_CONVERSION = YES;
				CLANG_WARN_CONSTANT_CONVERSION = YES;
				CLANG_WARN_DIRECT_OBJC_ISA_USAGE = YES_ERROR;
				CLANG_WARN_EMPTY_BODY = YES;
				CLANG_WARN_ENUM_CONVERSION = YES;
				CLANG_WARN_INT_CONVERSION = YES;
				CLANG_WARN_OBJC_ROOT_CLASS = YES_ERROR;
				CLANG_WARN_UNREACHABLE_CODE = YES;
				CLANG_WARN__DUPLICATE_METHOD_MATCH = YES;
				"CODE_SIGN_IDENTITY[sdk=iphoneos*]" = "iPhone Developer";
				COPY_PHASE_STRIP = NO;
				DEBUG_INFORMATION_FORMAT = dwarf;
				ENABLE_STRICT_OBJC_MSGSEND = YES;
				ENABLE_TESTABILITY = YES;
				GCC_C_LANGUAGE_STANDARD = gnu99;
				GCC_DYNAMIC_NO_PIC = NO;
				GCC_NO_COMMON_BLOCKS = YES;
				GCC_OPTIMIZATION_LEVEL = 0;
				GCC_PREPROCESSOR_DEFINITIONS = (
					"DEBUG=1",
					"$(inherited)",
				);
				GCC_WARN_64_TO_32_BIT_CONVERSION = YES;
				GCC_WARN_ABOUT_RETURN_TYPE = YES_ERROR;
				GCC_WARN_UNDECLARED_SELECTOR = YES;
				GCC_WARN_UNINITIALIZED_AUTOS = YES_AGGRESSIVE;
				GCC_WARN_UNUSED_FUNCTION = YES;
				GCC_WARN_UNUSED_VARIABLE = YES;
				IPHONEOS_DEPLOYMENT_TARGET = 9.3;
				MTL_ENABLE_DEBUG_INFO = YES;
				ONLY_ACTIVE_ARCH = YES;
				SDKROOT = iphoneos;
				SWIFT_OPTIMIZATION_LEVEL = "-Onone";
				TARGETED_DEVICE_FAMILY = "1,2";
			};
			name = Debug;
		};
		D124400C1CD3315400483959 /* Release */ = {
			isa = XCBuildConfiguration;
			buildSettings = {
				ALWAYS_SEARCH_USER_PATHS = NO;
				CLANG_ANALYZER_NONNULL = YES;
				CLANG_CXX_LANGUAGE_STANDARD = "gnu++0x";
				CLANG_CXX_LIBRARY = "libc++";
				CLANG_ENABLE_MODULES = YES;
				CLANG_ENABLE_OBJC_ARC = YES;
				CLANG_WARN_BOOL_CONVERSION = YES;
				CLANG_WARN_CONSTANT_CONVERSION = YES;
				CLANG_WARN_DIRECT_OBJC_ISA_USAGE = YES_ERROR;
				CLANG_WARN_EMPTY_BODY = YES;
				CLANG_WARN_ENUM_CONVERSION = YES;
				CLANG_WARN_INT_CONVERSION = YES;
				CLANG_WARN_OBJC_ROOT_CLASS = YES_ERROR;
				CLANG_WARN_UNREACHABLE_CODE = YES;
				CLANG_WARN__DUPLICATE_METHOD_MATCH = YES;
				"CODE_SIGN_IDENTITY[sdk=iphoneos*]" = "iPhone Developer";
				COPY_PHASE_STRIP = NO;
				DEBUG_INFORMATION_FORMAT = "dwarf-with-dsym";
				ENABLE_NS_ASSERTIONS = NO;
				ENABLE_STRICT_OBJC_MSGSEND = YES;
				GCC_C_LANGUAGE_STANDARD = gnu99;
				GCC_NO_COMMON_BLOCKS = YES;
				GCC_WARN_64_TO_32_BIT_CONVERSION = YES;
				GCC_WARN_ABOUT_RETURN_TYPE = YES_ERROR;
				GCC_WARN_UNDECLARED_SELECTOR = YES;
				GCC_WARN_UNINITIALIZED_AUTOS = YES_AGGRESSIVE;
				GCC_WARN_UNUSED_FUNCTION = YES;
				GCC_WARN_UNUSED_VARIABLE = YES;
				IPHONEOS_DEPLOYMENT_TARGET = 9.3;
				MTL_ENABLE_DEBUG_INFO = NO;
				SDKROOT = iphoneos;
				TARGETED_DEVICE_FAMILY = "1,2";
				VALIDATE_PRODUCT = YES;
			};
			name = Release;
		};
		D124400E1CD3315400483959 /* Debug */ = {
			isa = XCBuildConfiguration;
			buildSettings = {
				ASSETCATALOG_COMPILER_APPICON_NAME = AppIcon;
				INFOPLIST_FILE = LightOrganApp/Info.plist;
				IPHONEOS_DEPLOYMENT_TARGET = 8.0;
				LD_RUNPATH_SEARCH_PATHS = "$(inherited) @executable_path/Frameworks";
				PRODUCT_BUNDLE_IDENTIFIER = emka.LightOrganApp;
				PRODUCT_NAME = "$(TARGET_NAME)";
			};
			name = Debug;
		};
		D124400F1CD3315400483959 /* Release */ = {
			isa = XCBuildConfiguration;
			buildSettings = {
				ASSETCATALOG_COMPILER_APPICON_NAME = AppIcon;
				INFOPLIST_FILE = LightOrganApp/Info.plist;
				IPHONEOS_DEPLOYMENT_TARGET = 8.0;
				LD_RUNPATH_SEARCH_PATHS = "$(inherited) @executable_path/Frameworks";
				PRODUCT_BUNDLE_IDENTIFIER = emka.LightOrganApp;
				PRODUCT_NAME = "$(TARGET_NAME)";
			};
			name = Release;
		};
		D12440111CD3315400483959 /* Debug */ = {
			isa = XCBuildConfiguration;
			buildSettings = {
				BUNDLE_LOADER = "$(TEST_HOST)";
				INFOPLIST_FILE = LightOrganAppTests/Info.plist;
				LD_RUNPATH_SEARCH_PATHS = "$(inherited) @executable_path/Frameworks @loader_path/Frameworks";
				PRODUCT_BUNDLE_IDENTIFIER = emka.LightOrganAppTests;
				PRODUCT_NAME = "$(TARGET_NAME)";
				TEST_HOST = "$(BUILT_PRODUCTS_DIR)/LightOrganApp.app/LightOrganApp";
			};
			name = Debug;
		};
		D12440121CD3315400483959 /* Release */ = {
			isa = XCBuildConfiguration;
			buildSettings = {
				BUNDLE_LOADER = "$(TEST_HOST)";
				INFOPLIST_FILE = LightOrganAppTests/Info.plist;
				LD_RUNPATH_SEARCH_PATHS = "$(inherited) @executable_path/Frameworks @loader_path/Frameworks";
				PRODUCT_BUNDLE_IDENTIFIER = emka.LightOrganAppTests;
				PRODUCT_NAME = "$(TARGET_NAME)";
				TEST_HOST = "$(BUILT_PRODUCTS_DIR)/LightOrganApp.app/LightOrganApp";
			};
			name = Release;
		};
		D12440141CD3315400483959 /* Debug */ = {
			isa = XCBuildConfiguration;
			buildSettings = {
				INFOPLIST_FILE = LightOrganAppUITests/Info.plist;
				LD_RUNPATH_SEARCH_PATHS = "$(inherited) @executable_path/Frameworks @loader_path/Frameworks";
				PRODUCT_BUNDLE_IDENTIFIER = emka.LightOrganAppUITests;
				PRODUCT_NAME = "$(TARGET_NAME)";
				TEST_TARGET_NAME = LightOrganApp;
			};
			name = Debug;
		};
		D12440151CD3315400483959 /* Release */ = {
			isa = XCBuildConfiguration;
			buildSettings = {
				INFOPLIST_FILE = LightOrganAppUITests/Info.plist;
				LD_RUNPATH_SEARCH_PATHS = "$(inherited) @executable_path/Frameworks @loader_path/Frameworks";
				PRODUCT_BUNDLE_IDENTIFIER = emka.LightOrganAppUITests;
				PRODUCT_NAME = "$(TARGET_NAME)";
				TEST_TARGET_NAME = LightOrganApp;
			};
			name = Release;
		};
/* End XCBuildConfiguration section */

/* Begin XCConfigurationList section */
		D1243FE01CD3315400483959 /* Build configuration list for PBXProject "LightOrganApp" */ = {
			isa = XCConfigurationList;
			buildConfigurations = (
				D124400B1CD3315400483959 /* Debug */,
				D124400C1CD3315400483959 /* Release */,
			);
			defaultConfigurationIsVisible = 0;
			defaultConfigurationName = Release;
		};
		D124400D1CD3315400483959 /* Build configuration list for PBXNativeTarget "LightOrganApp" */ = {
			isa = XCConfigurationList;
			buildConfigurations = (
				D124400E1CD3315400483959 /* Debug */,
				D124400F1CD3315400483959 /* Release */,
			);
			defaultConfigurationIsVisible = 0;
			defaultConfigurationName = Release;
		};
		D12440101CD3315400483959 /* Build configuration list for PBXNativeTarget "LightOrganAppTests" */ = {
			isa = XCConfigurationList;
			buildConfigurations = (
				D12440111CD3315400483959 /* Debug */,
				D12440121CD3315400483959 /* Release */,
			);
			defaultConfigurationIsVisible = 0;
			defaultConfigurationName = Release;
		};
		D12440131CD3315400483959 /* Build configuration list for PBXNativeTarget "LightOrganAppUITests" */ = {
			isa = XCConfigurationList;
			buildConfigurations = (
				D12440141CD3315400483959 /* Debug */,
				D12440151CD3315400483959 /* Release */,
			);
			defaultConfigurationIsVisible = 0;
			defaultConfigurationName = Release;
		};
/* End XCConfigurationList section */
	};
	rootObject = D1243FDD1CD3315400483959 /* Project object */;
}
